// !$*UTF8*$!
{
	archiveVersion = 1;
	classes = {
	};
	objectVersion = 46;
	objects = {

/* Begin PBXBuildFile section */
		A061D0031EC67C5B00295F9C /* BallView.swift in Sources */ = {isa = PBXBuildFile; fileRef = A061D0021EC67C5B00295F9C /* BallView.swift */; };
		A061D0051EC6AA3200295F9C /* Extensions.swift in Sources */ = {isa = PBXBuildFile; fileRef = A061D0041EC6AA3200295F9C /* Extensions.swift */; };
		A0C0EA411EC3FFAD003BA4DA /* AppDelegate.swift in Sources */ = {isa = PBXBuildFile; fileRef = A0C0EA401EC3FFAD003BA4DA /* AppDelegate.swift */; };
		A0C0EA431EC3FFAD003BA4DA /* BallViewController.swift in Sources */ = {isa = PBXBuildFile; fileRef = A0C0EA421EC3FFAD003BA4DA /* BallViewController.swift */; };
		A0C0EA461EC3FFAD003BA4DA /* Main.storyboard in Resources */ = {isa = PBXBuildFile; fileRef = A0C0EA441EC3FFAD003BA4DA /* Main.storyboard */; };
		A0C0EA481EC3FFAD003BA4DA /* Assets.xcassets in Resources */ = {isa = PBXBuildFile; fileRef = A0C0EA471EC3FFAD003BA4DA /* Assets.xcassets */; };
		A0C0EA4B1EC3FFAD003BA4DA /* LaunchScreen.storyboard in Resources */ = {isa = PBXBuildFile; fileRef = A0C0EA491EC3FFAD003BA4DA /* LaunchScreen.storyboard */; };
/* End PBXBuildFile section */

/* Begin PBXFileReference section */
		A061D0021EC67C5B00295F9C /* BallView.swift */ = {isa = PBXFileReference; fileEncoding = 4; lastKnownFileType = sourcecode.swift; path = BallView.swift; sourceTree = "<group>"; };
		A061D0041EC6AA3200295F9C /* Extensions.swift */ = {isa = PBXFileReference; fileEncoding = 4; lastKnownFileType = sourcecode.swift; path = Extensions.swift; sourceTree = "<group>"; };
		A0C0EA3D1EC3FFAD003BA4DA /* 491ECormackAssn3.app */ = {isa = PBXFileReference; explicitFileType = wrapper.application; includeInIndex = 0; path = 491ECormackAssn3.app; sourceTree = BUILT_PRODUCTS_DIR; };
		A0C0EA401EC3FFAD003BA4DA /* AppDelegate.swift */ = {isa = PBXFileReference; lastKnownFileType = sourcecode.swift; path = AppDelegate.swift; sourceTree = "<group>"; };
		A0C0EA421EC3FFAD003BA4DA /* BallViewController.swift */ = {isa = PBXFileReference; lastKnownFileType = sourcecode.swift; path = BallViewController.swift; sourceTree = "<group>"; };
		A0C0EA451EC3FFAD003BA4DA /* Base */ = {isa = PBXFileReference; lastKnownFileType = file.storyboard; name = Base; path = Base.lproj/Main.storyboard; sourceTree = "<group>"; };
		A0C0EA471EC3FFAD003BA4DA /* Assets.xcassets */ = {isa = PBXFileReference; lastKnownFileType = folder.assetcatalog; path = Assets.xcassets; sourceTree = "<group>"; };
		A0C0EA4A1EC3FFAD003BA4DA /* Base */ = {isa = PBXFileReference; lastKnownFileType = file.storyboard; name = Base; path = Base.lproj/LaunchScreen.storyboard; sourceTree = "<group>"; };
		A0C0EA4C1EC3FFAD003BA4DA /* Info.plist */ = {isa = PBXFileReference; lastKnownFileType = text.plist.xml; path = Info.plist; sourceTree = "<group>"; };
/* End PBXFileReference section */

/* Begin PBXFrameworksBuildPhase section */
		A0C0EA3A1EC3FFAD003BA4DA /* Frameworks */ = {
			isa = PBXFrameworksBuildPhase;
			buildActionMask = 2147483647;
			files = (
			);
			runOnlyForDeploymentPostprocessing = 0;
		};
/* End PBXFrameworksBuildPhase section */

/* Begin PBXGroup section */
		A061D0001EC67C3500295F9C /* View */ = {
			isa = PBXGroup;
			children = (
				A061D0021EC67C5B00295F9C /* BallView.swift */,
			);
			name = View;
			sourceTree = "<group>";
		};
		A061D0011EC67C4100295F9C /* Controller */ = {
			isa = PBXGroup;
			children = (
				A0C0EA421EC3FFAD003BA4DA /* BallViewController.swift */,
			);
			name = Controller;
			sourceTree = "<group>";
		};
		A0C0EA341EC3FFAD003BA4DA = {
			isa = PBXGroup;
			children = (
				A0C0EA3F1EC3FFAD003BA4DA /* 491ECormackAssn3 */,
				A0C0EA3E1EC3FFAD003BA4DA /* Products */,
			);
			sourceTree = "<group>";
		};
		A0C0EA3E1EC3FFAD003BA4DA /* Products */ = {
			isa = PBXGroup;
			children = (
				A0C0EA3D1EC3FFAD003BA4DA /* 491ECormackAssn3.app */,
			);
			name = Products;
			sourceTree = "<group>";
		};
		A0C0EA3F1EC3FFAD003BA4DA /* 491ECormackAssn3 */ = {
			isa = PBXGroup;
			children = (
				A061D0001EC67C3500295F9C /* View */,
				A061D0011EC67C4100295F9C /* Controller */,
				A061D0041EC6AA3200295F9C /* Extensions.swift */,
				A0C0EA401EC3FFAD003BA4DA /* AppDelegate.swift */,
				A0C0EA441EC3FFAD003BA4DA /* Main.storyboard */,
				A0C0EA471EC3FFAD003BA4DA /* Assets.xcassets */,
				A0C0EA491EC3FFAD003BA4DA /* LaunchScreen.storyboard */,
				A0C0EA4C1EC3FFAD003BA4DA /* Info.plist */,
			);
			path = 491ECormackAssn3;
			sourceTree = "<group>";
		};
/* End PBXGroup section */

/* Begin PBXNativeTarget section */
		A0C0EA3C1EC3FFAD003BA4DA /* 491ECormackAssn3 */ = {
			isa = PBXNativeTarget;
			buildConfigurationList = A0C0EA4F1EC3FFAD003BA4DA /* Build configuration list for PBXNativeTarget "491ECormackAssn3" */;
			buildPhases = (
				A0C0EA391EC3FFAD003BA4DA /* Sources */,
				A0C0EA3A1EC3FFAD003BA4DA /* Frameworks */,
				A0C0EA3B1EC3FFAD003BA4DA /* Resources */,
			);
			buildRules = (
			);
			dependencies = (
			);
			name = 491ECormackAssn3;
			productName = 491ECormackAssn3;
			productReference = A0C0EA3D1EC3FFAD003BA4DA /* 491ECormackAssn3.app */;
			productType = "com.apple.product-type.application";
		};
/* End PBXNativeTarget section */

/* Begin PBXProject section */
		A0C0EA351EC3FFAD003BA4DA /* Project object */ = {
			isa = PBXProject;
			attributes = {
				LastSwiftUpdateCheck = 0830;
				LastUpgradeCheck = 0830;
				ORGANIZATIONNAME = "the Odin Spire";
				TargetAttributes = {
					A0C0EA3C1EC3FFAD003BA4DA = {
						CreatedOnToolsVersion = 8.3.2;
						DevelopmentTeam = MQ79U7S5FQ;
						ProvisioningStyle = Automatic;
					};
				};
			};
			buildConfigurationList = A0C0EA381EC3FFAD003BA4DA /* Build configuration list for PBXProject "491ECormackAssn3" */;
			compatibilityVersion = "Xcode 3.2";
			developmentRegion = English;
			hasScannedForEncodings = 0;
			knownRegions = (
				en,
				Base,
			);
			mainGroup = A0C0EA341EC3FFAD003BA4DA;
			productRefGroup = A0C0EA3E1EC3FFAD003BA4DA /* Products */;
			projectDirPath = "";
			projectRoot = "";
			targets = (
				A0C0EA3C1EC3FFAD003BA4DA /* 491ECormackAssn3 */,
			);
		};
/* End PBXProject section */

/* Begin PBXResourcesBuildPhase section */
		A0C0EA3B1EC3FFAD003BA4DA /* Resources */ = {
			isa = PBXResourcesBuildPhase;
			buildActionMask = 2147483647;
			files = (
				A0C0EA4B1EC3FFAD003BA4DA /* LaunchScreen.storyboard in Resources */,
				A0C0EA481EC3FFAD003BA4DA /* Assets.xcassets in Resources */,
				A0C0EA461EC3FFAD003BA4DA /* Main.storyboard in Resources */,
			);
			runOnlyForDeploymentPostprocessing = 0;
		};
/* End PBXResourcesBuildPhase section */

/* Begin PBXSourcesBuildPhase section */
		A0C0EA391EC3FFAD003BA4DA /* Sources */ = {
			isa = PBXSourcesBuildPhase;
			buildActionMask = 2147483647;
			files = (
				A061D0031EC67C5B00295F9C /* BallView.swift in Sources */,
				A0C0EA431EC3FFAD003BA4DA /* BallViewController.swift in Sources */,
				A061D0051EC6AA3200295F9C /* Extensions.swift in Sources */,
				A0C0EA411EC3FFAD003BA4DA /* AppDelegate.swift in Sources */,
			);
			runOnlyForDeploymentPostprocessing = 0;
		};
/* End PBXSourcesBuildPhase section */

/* Begin PBXVariantGroup section */
		A0C0EA441EC3FFAD003BA4DA /* Main.storyboard */ = {
			isa = PBXVariantGroup;
			children = (
				A0C0EA451EC3FFAD003BA4DA /* Base */,
			);
			name = Main.storyboard;
			sourceTree = "<group>";
		};
		A0C0EA491EC3FFAD003BA4DA /* LaunchScreen.storyboard */ = {
			isa = PBXVariantGroup;
			children = (
				A0C0EA4A1EC3FFAD003BA4DA /* Base */,
			);
			name = LaunchScreen.storyboard;
			sourceTree = "<group>";
		};
/* End PBXVariantGroup section */

/* Begin XCBuildConfiguration section */
		A0C0EA4D1EC3FFAD003BA4DA /* Debug */ = {
			isa = XCBuildConfiguration;
			buildSettings = {
				ALWAYS_SEARCH_USER_PATHS = NO;
				CLANG_ANALYZER_NONNULL = YES;
				CLANG_ANALYZER_NUMBER_OBJECT_CONVERSION = YES_AGGRESSIVE;
				CLANG_CXX_LANGUAGE_STANDARD = "gnu++0x";
				CLANG_CXX_LIBRARY = "libc++";
				CLANG_ENABLE_MODULES = YES;
				CLANG_ENABLE_OBJC_ARC = YES;
				CLANG_WARN_BOOL_CONVERSION = YES;
				CLANG_WARN_CONSTANT_CONVERSION = YES;
				CLANG_WARN_DIRECT_OBJC_ISA_USAGE = YES_ERROR;
				CLANG_WARN_DOCUMENTATION_COMMENTS = YES;
				CLANG_WARN_EMPTY_BODY = YES;
				CLANG_WARN_ENUM_CONVERSION = YES;
				CLANG_WARN_INFINITE_RECURSION = YES;
				CLANG_WARN_INT_CONVERSION = YES;
				CLANG_WARN_OBJC_ROOT_CLASS = YES_ERROR;
				CLANG_WARN_SUSPICIOUS_MOVE = YES;
				CLANG_WARN_UNREACHABLE_CODE = YES;
				CLANG_WARN__DUPLICATE_METHOD_MATCH = YES;
				"CODE_SIGN_IDENTITY[sdk=iphoneos*]" = "iPhone Developer";
				COPY_PHASE_STRIP = NO;
				DEBUG_INFORMATION_FORMAT = dwarf;
				ENABLE_STRICT_OBJC_MSGSEND = YES;
				ENABLE_TESTABILITY = YES;
				GCC_C_LANGUAGE_STANDARD = gnu99;
				GCC_DYNAMIC_NO_PIC = NO;
				GCC_NO_COMMON_BLOCKS = YES;
				GCC_OPTIMIZATION_LEVEL = 0;
				GCC_PREPROCESSOR_DEFINITIONS = (
					"DEBUG=1",
					"$(inherited)",
				);
				GCC_WARN_64_TO_32_BIT_CONVERSION = YES;
				GCC_WARN_ABOUT_RETURN_TYPE = YES_ERROR;
				GCC_WARN_UNDECLARED_SELECTOR = YES;
				GCC_WARN_UNINITIALIZED_AUTOS = YES_AGGRESSIVE;
				GCC_WARN_UNUSED_FUNCTION = YES;
				GCC_WARN_UNUSED_VARIABLE = YES;
				IPHONEOS_DEPLOYMENT_TARGET = 10.3;
				MTL_ENABLE_DEBUG_INFO = YES;
				ONLY_ACTIVE_ARCH = YES;
				SDKROOT = iphoneos;
				SWIFT_ACTIVE_COMPILATION_CONDITIONS = DEBUG;
				SWIFT_OPTIMIZATION_LEVEL = "-Onone";
			};
			name = Debug;
		};
		A0C0EA4E1EC3FFAD003BA4DA /* Release */ = {
			isa = XCBuildConfiguration;
			buildSettings = {
				ALWAYS_SEARCH_USER_PATHS = NO;
				CLANG_ANALYZER_NONNULL = YES;
				CLANG_ANALYZER_NUMBER_OBJECT_CONVERSION = YES_AGGRESSIVE;
				CLANG_CXX_LANGUAGE_STANDARD = "gnu++0x";
				CLANG_CXX_LIBRARY = "libc++";
				CLANG_ENABLE_MODULES = YES;
				CLANG_ENABLE_OBJC_ARC = YES;
				CLANG_WARN_BOOL_CONVERSION = YES;
				CLANG_WARN_CONSTANT_CONVERSION = YES;
				CLANG_WARN_DIRECT_OBJC_ISA_USAGE = YES_ERROR;
				CLANG_WARN_DOCUMENTATION_COMMENTS = YES;
				CLANG_WARN_EMPTY_BODY = YES;
				CLANG_WARN_ENUM_CONVERSION = YES;
				CLANG_WARN_INFINITE_RECURSION = YES;
				CLANG_WARN_INT_CONVERSION = YES;
				CLANG_WARN_OBJC_ROOT_CLASS = YES_ERROR;
				CLANG_WARN_SUSPICIOUS_MOVE = YES;
				CLANG_WARN_UNREACHABLE_CODE = YES;
				CLANG_WARN__DUPLICATE_METHOD_MATCH = YES;
				"CODE_SIGN_IDENTITY[sdk=iphoneos*]" = "iPhone Developer";
				COPY_PHASE_STRIP = NO;
				DEBUG_INFORMATION_FORMAT = "dwarf-with-dsym";
				ENABLE_NS_ASSERTIONS = NO;
				ENABLE_STRICT_OBJC_MSGSEND = YES;
				GCC_C_LANGUAGE_STANDARD = gnu99;
				GCC_NO_COMMON_BLOCKS = YES;
				GCC_WARN_64_TO_32_BIT_CONVERSION = YES;
				GCC_WARN_ABOUT_RETURN_TYPE = YES_ERROR;
				GCC_WARN_UNDECLARED_SELECTOR = YES;
				GCC_WARN_UNINITIALIZED_AUTOS = YES_AGGRESSIVE;
				GCC_WARN_UNUSED_FUNCTION = YES;
				GCC_WARN_UNUSED_VARIABLE = YES;
				IPHONEOS_DEPLOYMENT_TARGET = 10.3;
				MTL_ENABLE_DEBUG_INFO = NO;
				SDKROOT = iphoneos;
				SWIFT_OPTIMIZATION_LEVEL = "-Owholemodule";
				VALIDATE_PRODUCT = YES;
			};
			name = Release;
		};
		A0C0EA501EC3FFAD003BA4DA /* Debug */ = {
			isa = XCBuildConfiguration;
			buildSettings = {
				ASSETCATALOG_COMPILER_APPICON_NAME = AppIcon;
				DEVELOPMENT_TEAM = MQ79U7S5FQ;
				INFOPLIST_FILE = 491ECormackAssn3/Info.plist;
				LD_RUNPATH_SEARCH_PATHS = "$(inherited) @executable_path/Frameworks";
				PRODUCT_BUNDLE_IDENTIFIER = "com.theodinspire.-91ECormackAssn3";
				PRODUCT_NAME = "$(TARGET_NAME)";
				SWIFT_VERSION = 3.0;
			};
			name = Debug;
		};
		A0C0EA511EC3FFAD003BA4DA /* Release */ = {
			isa = XCBuildConfiguration;
			buildSettings = {
				ASSETCATALOG_COMPILER_APPICON_NAME = AppIcon;
				DEVELOPMENT_TEAM = MQ79U7S5FQ;
				INFOPLIST_FILE = 491ECormackAssn3/Info.plist;
				LD_RUNPATH_SEARCH_PATHS = "$(inherited) @executable_path/Frameworks";
				PRODUCT_BUNDLE_IDENTIFIER = "com.theodinspire.-91ECormackAssn3";
				PRODUCT_NAME = "$(TARGET_NAME)";
				SWIFT_VERSION = 3.0;
			};
			name = Release;
		};
/* End XCBuildConfiguration section */

/* Begin XCConfigurationList section */
		A0C0EA381EC3FFAD003BA4DA /* Build configuration list for PBXProject "491ECormackAssn3" */ = {
			isa = XCConfigurationList;
			buildConfigurations = (
				A0C0EA4D1EC3FFAD003BA4DA /* Debug */,
				A0C0EA4E1EC3FFAD003BA4DA /* Release */,
			);
			defaultConfigurationIsVisible = 0;
			defaultConfigurationName = Release;
		};
		A0C0EA4F1EC3FFAD003BA4DA /* Build configuration list for PBXNativeTarget "491ECormackAssn3" */ = {
			isa = XCConfigurationList;
			buildConfigurations = (
				A0C0EA501EC3FFAD003BA4DA /* Debug */,
				A0C0EA511EC3FFAD003BA4DA /* Release */,
			);
			defaultConfigurationIsVisible = 0;
			defaultConfigurationName = Release;
		};
/* End XCConfigurationList section */
	};
	rootObject = A0C0EA351EC3FFAD003BA4DA /* Project object */;
}
